
Microsoft Visual Studio Solution File, Format Version 12.00
# Visual Studio Version 16
VisualStudioVersion = 16.0.31205.134
MinimumVisualStudioVersion = 10.0.40219.1
Project("{FAE04EC0-301F-11D3-BF4B-00C04F79EFBC}") = "PreBookings.API", "PreBookings.API\PreBookings.API.csproj", "{78A84B78-7687-455B-A941-312FD9C79A46}"
EndProject
Project("{FAE04EC0-301F-11D3-BF4B-00C04F79EFBC}") = "PreBookings.Infrastructure", "PreBookings.Infrastructure\PreBookings.Infrastructure.csproj", "{8E9CBF27-D40E-439F-8B73-3B8D0583900C}"
EndProject
Project("{FAE04EC0-301F-11D3-BF4B-00C04F79EFBC}") = "PreBookings.Domain", "PreBookings.Domain\PreBookings.Domain.csproj", "{9FAB7725-C54E-4B75-A9BD-03ED3EDF2442}"
EndProject
Project("{FAE04EC0-301F-11D3-BF4B-00C04F79EFBC}") = "PreBookings.Service", "PreBookings.Service\PreBookings.Service.csproj", "{CFAD4FED-BB14-45CF-9508-75E87108589A}"
EndProject
Project("{FAE04EC0-301F-11D3-BF4B-00C04F79EFBC}") = "PreBookings.Application", "PreBookings.Application\PreBookings.Application.csproj", "{BDC92BBC-9CC6-468E-B8A8-4FC69C4D931C}"
EndProject
Global
	GlobalSection(SolutionConfigurationPlatforms) = preSolution
		Debug|Any CPU = Debug|Any CPU
		Release|Any CPU = Release|Any CPU
	EndGlobalSection
	GlobalSection(ProjectConfigurationPlatforms) = postSolution
		{78A84B78-7687-455B-A941-312FD9C79A46}.Debug|Any CPU.ActiveCfg = Debug|Any CPU
		{78A84B78-7687-455B-A941-312FD9C79A46}.Debug|Any CPU.Build.0 = Debug|Any CPU
		{78A84B78-7687-455B-A941-312FD9C79A46}.Release|Any CPU.ActiveCfg = Release|Any CPU
		{78A84B78-7687-455B-A941-312FD9C79A46}.Release|Any CPU.Build.0 = Release|Any CPU
		{8E9CBF27-D40E-439F-8B73-3B8D0583900C}.Debug|Any CPU.ActiveCfg = Debug|Any CPU
		{8E9CBF27-D40E-439F-8B73-3B8D0583900C}.Debug|Any CPU.Build.0 = Debug|Any CPU
		{8E9CBF27-D40E-439F-8B73-3B8D0583900C}.Release|Any CPU.ActiveCfg = Release|Any CPU
		{8E9CBF27-D40E-439F-8B73-3B8D0583900C}.Release|Any CPU.Build.0 = Release|Any CPU
		{9FAB7725-C54E-4B75-A9BD-03ED3EDF2442}.Debug|Any CPU.ActiveCfg = Debug|Any CPU
		{9FAB7725-C54E-4B75-A9BD-03ED3EDF2442}.Debug|Any CPU.Build.0 = Debug|Any CPU
		{9FAB7725-C54E-4B75-A9BD-03ED3EDF2442}.Release|Any CPU.ActiveCfg = Release|Any CPU
		{9FAB7725-C54E-4B75-A9BD-03ED3EDF2442}.Release|Any CPU.Build.0 = Release|Any CPU
		{CFAD4FED-BB14-45CF-9508-75E87108589A}.Debug|Any CPU.ActiveCfg = Debug|Any CPU
		{CFAD4FED-BB14-45CF-9508-75E87108589A}.Debug|Any CPU.Build.0 = Debug|Any CPU
		{CFAD4FED-BB14-45CF-9508-75E87108589A}.Release|Any CPU.ActiveCfg = Release|Any CPU
		{CFAD4FED-BB14-45CF-9508-75E87108589A}.Release|Any CPU.Build.0 = Release|Any CPU
		{BDC92BBC-9CC6-468E-B8A8-4FC69C4D931C}.Debug|Any CPU.ActiveCfg = Debug|Any CPU
		{BDC92BBC-9CC6-468E-B8A8-4FC69C4D931C}.Debug|Any CPU.Build.0 = Debug|Any CPU
		{BDC92BBC-9CC6-468E-B8A8-4FC69C4D931C}.Release|Any CPU.ActiveCfg = Release|Any CPU
		{BDC92BBC-9CC6-468E-B8A8-4FC69C4D931C}.Release|Any CPU.Build.0 = Release|Any CPU
	EndGlobalSection
	GlobalSection(SolutionProperties) = preSolution
		HideSolutionNode = FALSE
	EndGlobalSection
	GlobalSection(ExtensibilityGlobals) = postSolution
		SolutionGuid = {47F05EB0-E036-48EC-B9FC-627884254AD9}
	EndGlobalSection
EndGlobal
